
Microsoft Visual Studio Solution File, Format Version 12.00
# Visual Studio 2012
Project("{FAE04EC0-301F-11D3-BF4B-00C04F79EFBC}") = "SearchPatient", "SearchPatient\SearchPatient.csproj", "{24E3E9C7-480B-4C96-BA9D-1456A0AE76AE}"
EndProject
Project("{FAE04EC0-301F-11D3-BF4B-00C04F79EFBC}") = "SearchPatient.iOS", "iOS\SearchPatient.iOS.csproj", "{BBAC62C3-7B51-4338-8F18-6E3DAFCC1180}"
EndProject
Project("{FAE04EC0-301F-11D3-BF4B-00C04F79EFBC}") = "SearchPatient.Droid", "Droid\SearchPatient.Droid.csproj", "{8F47B834-67D1-4107-A8AF-2BA4BE05463C}"
EndProject
Project("{FAE04EC0-301F-11D3-BF4B-00C04F79EFBC}") = "SearchPatient.UITests", "UITests\SearchPatient.UITests.csproj", "{949F8493-476E-453E-8350-41EE9EBF5C57}"
EndProject
Global
	GlobalSection(SolutionConfigurationPlatforms) = preSolution
		Debug|Any CPU = Debug|Any CPU
		Release|Any CPU = Release|Any CPU
		Debug|iPhoneSimulator = Debug|iPhoneSimulator
		Release|iPhone = Release|iPhone
		Release|iPhoneSimulator = Release|iPhoneSimulator
		Debug|iPhone = Debug|iPhone
	EndGlobalSection
	GlobalSection(ProjectConfigurationPlatforms) = postSolution
		{24E3E9C7-480B-4C96-BA9D-1456A0AE76AE}.Debug|Any CPU.ActiveCfg = Debug|Any CPU
		{24E3E9C7-480B-4C96-BA9D-1456A0AE76AE}.Debug|Any CPU.Build.0 = Debug|Any CPU
		{24E3E9C7-480B-4C96-BA9D-1456A0AE76AE}.Debug|iPhone.ActiveCfg = Debug|Any CPU
		{24E3E9C7-480B-4C96-BA9D-1456A0AE76AE}.Debug|iPhone.Build.0 = Debug|Any CPU
		{24E3E9C7-480B-4C96-BA9D-1456A0AE76AE}.Debug|iPhoneSimulator.ActiveCfg = Debug|Any CPU
		{24E3E9C7-480B-4C96-BA9D-1456A0AE76AE}.Debug|iPhoneSimulator.Build.0 = Debug|Any CPU
		{24E3E9C7-480B-4C96-BA9D-1456A0AE76AE}.Release|Any CPU.ActiveCfg = Release|Any CPU
		{24E3E9C7-480B-4C96-BA9D-1456A0AE76AE}.Release|Any CPU.Build.0 = Release|Any CPU
		{24E3E9C7-480B-4C96-BA9D-1456A0AE76AE}.Release|iPhone.ActiveCfg = Release|Any CPU
		{24E3E9C7-480B-4C96-BA9D-1456A0AE76AE}.Release|iPhone.Build.0 = Release|Any CPU
		{24E3E9C7-480B-4C96-BA9D-1456A0AE76AE}.Release|iPhoneSimulator.ActiveCfg = Release|Any CPU
		{24E3E9C7-480B-4C96-BA9D-1456A0AE76AE}.Release|iPhoneSimulator.Build.0 = Release|Any CPU
		{8F47B834-67D1-4107-A8AF-2BA4BE05463C}.Debug|Any CPU.ActiveCfg = Debug|Any CPU
		{8F47B834-67D1-4107-A8AF-2BA4BE05463C}.Debug|Any CPU.Build.0 = Debug|Any CPU
		{8F47B834-67D1-4107-A8AF-2BA4BE05463C}.Debug|iPhone.ActiveCfg = Debug|Any CPU
		{8F47B834-67D1-4107-A8AF-2BA4BE05463C}.Debug|iPhone.Build.0 = Debug|Any CPU
		{8F47B834-67D1-4107-A8AF-2BA4BE05463C}.Debug|iPhoneSimulator.ActiveCfg = Debug|Any CPU
		{8F47B834-67D1-4107-A8AF-2BA4BE05463C}.Debug|iPhoneSimulator.Build.0 = Debug|Any CPU
		{8F47B834-67D1-4107-A8AF-2BA4BE05463C}.Release|Any CPU.ActiveCfg = Release|Any CPU
		{8F47B834-67D1-4107-A8AF-2BA4BE05463C}.Release|Any CPU.Build.0 = Release|Any CPU
		{8F47B834-67D1-4107-A8AF-2BA4BE05463C}.Release|iPhone.ActiveCfg = Release|Any CPU
		{8F47B834-67D1-4107-A8AF-2BA4BE05463C}.Release|iPhone.Build.0 = Release|Any CPU
		{8F47B834-67D1-4107-A8AF-2BA4BE05463C}.Release|iPhoneSimulator.ActiveCfg = Release|Any CPU
		{8F47B834-67D1-4107-A8AF-2BA4BE05463C}.Release|iPhoneSimulator.Build.0 = Release|Any CPU
		{949F8493-476E-453E-8350-41EE9EBF5C57}.Debug|Any CPU.ActiveCfg = Debug|Any CPU
		{949F8493-476E-453E-8350-41EE9EBF5C57}.Debug|Any CPU.Build.0 = Debug|Any CPU
		{949F8493-476E-453E-8350-41EE9EBF5C57}.Debug|iPhone.ActiveCfg = Debug|Any CPU
		{949F8493-476E-453E-8350-41EE9EBF5C57}.Debug|iPhone.Build.0 = Debug|Any CPU
		{949F8493-476E-453E-8350-41EE9EBF5C57}.Debug|iPhoneSimulator.ActiveCfg = Debug|Any CPU
		{949F8493-476E-453E-8350-41EE9EBF5C57}.Debug|iPhoneSimulator.Build.0 = Debug|Any CPU
		{949F8493-476E-453E-8350-41EE9EBF5C57}.Release|Any CPU.ActiveCfg = Release|Any CPU
		{949F8493-476E-453E-8350-41EE9EBF5C57}.Release|Any CPU.Build.0 = Release|Any CPU
		{949F8493-476E-453E-8350-41EE9EBF5C57}.Release|iPhone.ActiveCfg = Release|Any CPU
		{949F8493-476E-453E-8350-41EE9EBF5C57}.Release|iPhone.Build.0 = Release|Any CPU
		{949F8493-476E-453E-8350-41EE9EBF5C57}.Release|iPhoneSimulator.ActiveCfg = Release|Any CPU
		{949F8493-476E-453E-8350-41EE9EBF5C57}.Release|iPhoneSimulator.Build.0 = Release|Any CPU
		{BBAC62C3-7B51-4338-8F18-6E3DAFCC1180}.Debug|Any CPU.ActiveCfg = Debug|iPhoneSimulator
		{BBAC62C3-7B51-4338-8F18-6E3DAFCC1180}.Debug|Any CPU.Build.0 = Debug|iPhoneSimulator
		{BBAC62C3-7B51-4338-8F18-6E3DAFCC1180}.Debug|iPhone.ActiveCfg = Debug|iPhone
		{BBAC62C3-7B51-4338-8F18-6E3DAFCC1180}.Debug|iPhone.Build.0 = Debug|iPhone
		{BBAC62C3-7B51-4338-8F18-6E3DAFCC1180}.Debug|iPhoneSimulator.ActiveCfg = Debug|iPhoneSimulator
		{BBAC62C3-7B51-4338-8F18-6E3DAFCC1180}.Debug|iPhoneSimulator.Build.0 = Debug|iPhoneSimulator
		{BBAC62C3-7B51-4338-8F18-6E3DAFCC1180}.Release|Any CPU.ActiveCfg = Release|iPhone
		{BBAC62C3-7B51-4338-8F18-6E3DAFCC1180}.Release|Any CPU.Build.0 = Release|iPhone
		{BBAC62C3-7B51-4338-8F18-6E3DAFCC1180}.Release|iPhone.ActiveCfg = Release|iPhone
		{BBAC62C3-7B51-4338-8F18-6E3DAFCC1180}.Release|iPhone.Build.0 = Release|iPhone
		{BBAC62C3-7B51-4338-8F18-6E3DAFCC1180}.Release|iPhoneSimulator.ActiveCfg = Release|iPhoneSimulator
		{BBAC62C3-7B51-4338-8F18-6E3DAFCC1180}.Release|iPhoneSimulator.Build.0 = Release|iPhoneSimulator
	EndGlobalSection
EndGlobal
